
Microsoft Visual Studio Solution File, Format Version 12.00
# Visual Studio 15
VisualStudioVersion = 15.0.28010.2016
MinimumVisualStudioVersion = 10.0.40219.1
Project("{8BC9CEB8-8B4A-11D0-8D11-00A0C91BC942}") = "PP01.HelloSDL", "PP01.HelloSDL\PP01.HelloSDL.vcxproj", "{530B339D-3500-4037-9732-B30B7AFC8444}"
EndProject
Project("{8BC9CEB8-8B4A-11D0-8D11-00A0C91BC942}") = "PP02.BreakUpHelloSDL", "PP02.BreakUpHelloSDL\PP02.BreakUpHelloSDL.vcxproj", "{7DB1A9BD-9C1D-4335-AFAE-BDBFD806CF1F}"
EndProject
Project("{8BC9CEB8-8B4A-11D0-8D11-00A0C91BC942}") = "PP03.GameClsss", "PP03.GameClsss\PP03.GameClsss.vcxproj", "{06C1415C-A338-43E8-B4DE-247BC2EDED36}"
EndProject
Project("{8BC9CEB8-8B4A-11D0-8D11-00A0C91BC942}") = "PP04.BasicDrawing", "PP04.BasicDrawing\PP04.BasicDrawing.vcxproj", "{7D7EE29D-E658-4BA1-BD05-B1C727D122BC}"
EndProject
Project("{8BC9CEB8-8B4A-11D0-8D11-00A0C91BC942}") = "PP05.AnimatingSprite", "PP05.AnimatingSprite\PP05.AnimatingSprite.vcxproj", "{BC734812-DEE0-434D-9928-B86228D0D4A3}"
EndProject
Project("{8BC9CEB8-8B4A-11D0-8D11-00A0C91BC942}") = "PP06.ImageSprite", "PP06.ImageSprite\PP06.ImageSprite.vcxproj", "{465ABAD9-9293-4B57-B881-0FE95BFD6CB6}"
EndProject
Project("{8BC9CEB8-8B4A-11D0-8D11-00A0C91BC942}") = "PP07.TextureManager", "PP07.TextureManager\PP07.TextureManager.vcxproj", "{9EA962EB-27E3-4501-BFD5-074F464231F8}"
EndProject
Project("{8BC9CEB8-8B4A-11D0-8D11-00A0C91BC942}") = "PP08.SingletonTM", "PP08.SingletonTM\PP08.SingletonTM.vcxproj", "{B3592160-8001-4465-936A-BEE8D13E63D5}"
EndProject
Project("{8BC9CEB8-8B4A-11D0-8D11-00A0C91BC942}") = "PP09.Inheritance", "PP09.Inheritance\PP09.Inheritance.vcxproj", "{ABF174E6-1E0F-40CD-A3F1-A46CC6D3439F}"
EndProject
Project("{8BC9CEB8-8B4A-11D0-8D11-00A0C91BC942}") = "PP10.Polymorphism", "PP10.Polymorphism\PP10.Polymorphism.vcxproj", "{3A0844C2-2908-4212-A822-45249B9F1633}"
EndProject
Project("{8BC9CEB8-8B4A-11D0-8D11-00A0C91BC942}") = "HH05", "HH05\HH05.vcxproj", "{5DB819D2-67EB-4D1C-B00B-1730C4AFFF1B}"
EndProject
Project("{8BC9CEB8-8B4A-11D0-8D11-00A0C91BC942}") = "PP11.AbstractClass", "PP11.AbstractClass\PP11.AbstractClass.vcxproj", "{E6251CA4-4A94-4E3A-AD3A-4A28400CD952}"
EndProject
Project("{8BC9CEB8-8B4A-11D0-8D11-00A0C91BC942}") = "PP12.Vector2D", "PP12.Vector2D\PP12.Vector2D.vcxproj", "{4A1250EE-4617-4053-830C-330359B4EF38}"
EndProject
Project("{8BC9CEB8-8B4A-11D0-8D11-00A0C91BC942}") = "PP13.KInputHandler", "PP13.KInputHandler\PP13.KInputHandler.vcxproj", "{B39B8BE5-D84A-4688-8204-67399A519970}"
EndProject
Project("{8BC9CEB8-8B4A-11D0-8D11-00A0C91BC942}") = "PP14.MInputHandler", "PP14.MInputHandler\PP14.MInputHandler.vcxproj", "{901B53C5-7E80-43F3-9DDB-74F8AC637F1E}"
EndProject
Project("{8BC9CEB8-8B4A-11D0-8D11-00A0C91BC942}") = "PP15.FSM", "PP15.FSM\PP15.FSM.vcxproj", "{7061EA2A-80CF-40E0-95C8-EC4E2AF7269E}"
EndProject
Global
	GlobalSection(SolutionConfigurationPlatforms) = preSolution
		Debug|x64 = Debug|x64
		Debug|x86 = Debug|x86
		Release|x64 = Release|x64
		Release|x86 = Release|x86
	EndGlobalSection
	GlobalSection(ProjectConfigurationPlatforms) = postSolution
		{530B339D-3500-4037-9732-B30B7AFC8444}.Debug|x64.ActiveCfg = Debug|x64
		{530B339D-3500-4037-9732-B30B7AFC8444}.Debug|x64.Build.0 = Debug|x64
		{530B339D-3500-4037-9732-B30B7AFC8444}.Debug|x86.ActiveCfg = Debug|Win32
		{530B339D-3500-4037-9732-B30B7AFC8444}.Debug|x86.Build.0 = Debug|Win32
		{530B339D-3500-4037-9732-B30B7AFC8444}.Release|x64.ActiveCfg = Release|x64
		{530B339D-3500-4037-9732-B30B7AFC8444}.Release|x64.Build.0 = Release|x64
		{530B339D-3500-4037-9732-B30B7AFC8444}.Release|x86.ActiveCfg = Release|Win32
		{530B339D-3500-4037-9732-B30B7AFC8444}.Release|x86.Build.0 = Release|Win32
		{7DB1A9BD-9C1D-4335-AFAE-BDBFD806CF1F}.Debug|x64.ActiveCfg = Debug|x64
		{7DB1A9BD-9C1D-4335-AFAE-BDBFD806CF1F}.Debug|x64.Build.0 = Debug|x64
		{7DB1A9BD-9C1D-4335-AFAE-BDBFD806CF1F}.Debug|x86.ActiveCfg = Debug|Win32
		{7DB1A9BD-9C1D-4335-AFAE-BDBFD806CF1F}.Debug|x86.Build.0 = Debug|Win32
		{7DB1A9BD-9C1D-4335-AFAE-BDBFD806CF1F}.Release|x64.ActiveCfg = Release|x64
		{7DB1A9BD-9C1D-4335-AFAE-BDBFD806CF1F}.Release|x64.Build.0 = Release|x64
		{7DB1A9BD-9C1D-4335-AFAE-BDBFD806CF1F}.Release|x86.ActiveCfg = Release|Win32
		{7DB1A9BD-9C1D-4335-AFAE-BDBFD806CF1F}.Release|x86.Build.0 = Release|Win32
		{06C1415C-A338-43E8-B4DE-247BC2EDED36}.Debug|x64.ActiveCfg = Debug|x64
		{06C1415C-A338-43E8-B4DE-247BC2EDED36}.Debug|x64.Build.0 = Debug|x64
		{06C1415C-A338-43E8-B4DE-247BC2EDED36}.Debug|x86.ActiveCfg = Debug|Win32
		{06C1415C-A338-43E8-B4DE-247BC2EDED36}.Debug|x86.Build.0 = Debug|Win32
		{06C1415C-A338-43E8-B4DE-247BC2EDED36}.Release|x64.ActiveCfg = Release|x64
		{06C1415C-A338-43E8-B4DE-247BC2EDED36}.Release|x64.Build.0 = Release|x64
		{06C1415C-A338-43E8-B4DE-247BC2EDED36}.Release|x86.ActiveCfg = Release|Win32
		{06C1415C-A338-43E8-B4DE-247BC2EDED36}.Release|x86.Build.0 = Release|Win32
		{7D7EE29D-E658-4BA1-BD05-B1C727D122BC}.Debug|x64.ActiveCfg = Debug|x64
		{7D7EE29D-E658-4BA1-BD05-B1C727D122BC}.Debug|x64.Build.0 = Debug|x64
		{7D7EE29D-E658-4BA1-BD05-B1C727D122BC}.Debug|x86.ActiveCfg = Debug|Win32
		{7D7EE29D-E658-4BA1-BD05-B1C727D122BC}.Debug|x86.Build.0 = Debug|Win32
		{7D7EE29D-E658-4BA1-BD05-B1C727D122BC}.Release|x64.ActiveCfg = Release|x64
		{7D7EE29D-E658-4BA1-BD05-B1C727D122BC}.Release|x64.Build.0 = Release|x64
		{7D7EE29D-E658-4BA1-BD05-B1C727D122BC}.Release|x86.ActiveCfg = Release|Win32
		{7D7EE29D-E658-4BA1-BD05-B1C727D122BC}.Release|x86.Build.0 = Release|Win32
		{BC734812-DEE0-434D-9928-B86228D0D4A3}.Debug|x64.ActiveCfg = Debug|x64
		{BC734812-DEE0-434D-9928-B86228D0D4A3}.Debug|x64.Build.0 = Debug|x64
		{BC734812-DEE0-434D-9928-B86228D0D4A3}.Debug|x86.ActiveCfg = Debug|Win32
		{BC734812-DEE0-434D-9928-B86228D0D4A3}.Debug|x86.Build.0 = Debug|Win32
		{BC734812-DEE0-434D-9928-B86228D0D4A3}.Release|x64.ActiveCfg = Release|x64
		{BC734812-DEE0-434D-9928-B86228D0D4A3}.Release|x64.Build.0 = Release|x64
		{BC734812-DEE0-434D-9928-B86228D0D4A3}.Release|x86.ActiveCfg = Release|Win32
		{BC734812-DEE0-434D-9928-B86228D0D4A3}.Release|x86.Build.0 = Release|Win32
		{465ABAD9-9293-4B57-B881-0FE95BFD6CB6}.Debug|x64.ActiveCfg = Debug|x64
		{465ABAD9-9293-4B57-B881-0FE95BFD6CB6}.Debug|x64.Build.0 = Debug|x64
		{465ABAD9-9293-4B57-B881-0FE95BFD6CB6}.Debug|x86.ActiveCfg = Debug|Win32
		{465ABAD9-9293-4B57-B881-0FE95BFD6CB6}.Debug|x86.Build.0 = Debug|Win32
		{465ABAD9-9293-4B57-B881-0FE95BFD6CB6}.Release|x64.ActiveCfg = Release|x64
		{465ABAD9-9293-4B57-B881-0FE95BFD6CB6}.Release|x64.Build.0 = Release|x64
		{465ABAD9-9293-4B57-B881-0FE95BFD6CB6}.Release|x86.ActiveCfg = Release|Win32
		{465ABAD9-9293-4B57-B881-0FE95BFD6CB6}.Release|x86.Build.0 = Release|Win32
		{9EA962EB-27E3-4501-BFD5-074F464231F8}.Debug|x64.ActiveCfg = Debug|x64
		{9EA962EB-27E3-4501-BFD5-074F464231F8}.Debug|x64.Build.0 = Debug|x64
		{9EA962EB-27E3-4501-BFD5-074F464231F8}.Debug|x86.ActiveCfg = Debug|Win32
		{9EA962EB-27E3-4501-BFD5-074F464231F8}.Debug|x86.Build.0 = Debug|Win32
		{9EA962EB-27E3-4501-BFD5-074F464231F8}.Release|x64.ActiveCfg = Release|x64
		{9EA962EB-27E3-4501-BFD5-074F464231F8}.Release|x64.Build.0 = Release|x64
		{9EA962EB-27E3-4501-BFD5-074F464231F8}.Release|x86.ActiveCfg = Release|Win32
		{9EA962EB-27E3-4501-BFD5-074F464231F8}.Release|x86.Build.0 = Release|Win32
		{B3592160-8001-4465-936A-BEE8D13E63D5}.Debug|x64.ActiveCfg = Debug|x64
		{B3592160-8001-4465-936A-BEE8D13E63D5}.Debug|x64.Build.0 = Debug|x64
		{B3592160-8001-4465-936A-BEE8D13E63D5}.Debug|x86.ActiveCfg = Debug|Win32
		{B3592160-8001-4465-936A-BEE8D13E63D5}.Debug|x86.Build.0 = Debug|Win32
		{B3592160-8001-4465-936A-BEE8D13E63D5}.Release|x64.ActiveCfg = Release|x64
		{B3592160-8001-4465-936A-BEE8D13E63D5}.Release|x64.Build.0 = Release|x64
		{B3592160-8001-4465-936A-BEE8D13E63D5}.Release|x86.ActiveCfg = Release|Win32
		{B3592160-8001-4465-936A-BEE8D13E63D5}.Release|x86.Build.0 = Release|Win32
		{ABF174E6-1E0F-40CD-A3F1-A46CC6D3439F}.Debug|x64.ActiveCfg = Debug|x64
		{ABF174E6-1E0F-40CD-A3F1-A46CC6D3439F}.Debug|x64.Build.0 = Debug|x64
		{ABF174E6-1E0F-40CD-A3F1-A46CC6D3439F}.Debug|x86.ActiveCfg = Debug|Win32
		{ABF174E6-1E0F-40CD-A3F1-A46CC6D3439F}.Debug|x86.Build.0 = Debug|Win32
		{ABF174E6-1E0F-40CD-A3F1-A46CC6D3439F}.Release|x64.ActiveCfg = Release|x64
		{ABF174E6-1E0F-40CD-A3F1-A46CC6D3439F}.Release|x64.Build.0 = Release|x64
		{ABF174E6-1E0F-40CD-A3F1-A46CC6D3439F}.Release|x86.ActiveCfg = Release|Win32
		{ABF174E6-1E0F-40CD-A3F1-A46CC6D3439F}.Release|x86.Build.0 = Release|Win32
		{3A0844C2-2908-4212-A822-45249B9F1633}.Debug|x64.ActiveCfg = Debug|x64
		{3A0844C2-2908-4212-A822-45249B9F1633}.Debug|x64.Build.0 = Debug|x64
		{3A0844C2-2908-4212-A822-45249B9F1633}.Debug|x86.ActiveCfg = Debug|Win32
		{3A0844C2-2908-4212-A822-45249B9F1633}.Debug|x86.Build.0 = Debug|Win32
		{3A0844C2-2908-4212-A822-45249B9F1633}.Release|x64.ActiveCfg = Release|x64
		{3A0844C2-2908-4212-A822-45249B9F1633}.Release|x64.Build.0 = Release|x64
		{3A0844C2-2908-4212-A822-45249B9F1633}.Release|x86.ActiveCfg = Release|Win32
		{3A0844C2-2908-4212-A822-45249B9F1633}.Release|x86.Build.0 = Release|Win32
		{5DB819D2-67EB-4D1C-B00B-1730C4AFFF1B}.Debug|x64.ActiveCfg = Debug|x64
		{5DB819D2-67EB-4D1C-B00B-1730C4AFFF1B}.Debug|x64.Build.0 = Debug|x64
		{5DB819D2-67EB-4D1C-B00B-1730C4AFFF1B}.Debug|x86.ActiveCfg = Debug|Win32
		{5DB819D2-67EB-4D1C-B00B-1730C4AFFF1B}.Debug|x86.Build.0 = Debug|Win32
		{5DB819D2-67EB-4D1C-B00B-1730C4AFFF1B}.Release|x64.ActiveCfg = Release|x64
		{5DB819D2-67EB-4D1C-B00B-1730C4AFFF1B}.Release|x64.Build.0 = Release|x64
		{5DB819D2-67EB-4D1C-B00B-1730C4AFFF1B}.Release|x86.ActiveCfg = Release|Win32
		{5DB819D2-67EB-4D1C-B00B-1730C4AFFF1B}.Release|x86.Build.0 = Release|Win32
		{E6251CA4-4A94-4E3A-AD3A-4A28400CD952}.Debug|x64.ActiveCfg = Debug|x64
		{E6251CA4-4A94-4E3A-AD3A-4A28400CD952}.Debug|x64.Build.0 = Debug|x64
		{E6251CA4-4A94-4E3A-AD3A-4A28400CD952}.Debug|x86.ActiveCfg = Debug|Win32
		{E6251CA4-4A94-4E3A-AD3A-4A28400CD952}.Debug|x86.Build.0 = Debug|Win32
		{E6251CA4-4A94-4E3A-AD3A-4A28400CD952}.Release|x64.ActiveCfg = Release|x64
		{E6251CA4-4A94-4E3A-AD3A-4A28400CD952}.Release|x64.Build.0 = Release|x64
		{E6251CA4-4A94-4E3A-AD3A-4A28400CD952}.Release|x86.ActiveCfg = Release|Win32
		{E6251CA4-4A94-4E3A-AD3A-4A28400CD952}.Release|x86.Build.0 = Release|Win32
		{4A1250EE-4617-4053-830C-330359B4EF38}.Debug|x64.ActiveCfg = Debug|x64
		{4A1250EE-4617-4053-830C-330359B4EF38}.Debug|x64.Build.0 = Debug|x64
		{4A1250EE-4617-4053-830C-330359B4EF38}.Debug|x86.ActiveCfg = Debug|Win32
		{4A1250EE-4617-4053-830C-330359B4EF38}.Debug|x86.Build.0 = Debug|Win32
		{4A1250EE-4617-4053-830C-330359B4EF38}.Release|x64.ActiveCfg = Release|x64
		{4A1250EE-4617-4053-830C-330359B4EF38}.Release|x64.Build.0 = Release|x64
		{4A1250EE-4617-4053-830C-330359B4EF38}.Release|x86.ActiveCfg = Release|Win32
		{4A1250EE-4617-4053-830C-330359B4EF38}.Release|x86.Build.0 = Release|Win32
		{B39B8BE5-D84A-4688-8204-67399A519970}.Debug|x64.ActiveCfg = Debug|x64
		{B39B8BE5-D84A-4688-8204-67399A519970}.Debug|x64.Build.0 = Debug|x64
		{B39B8BE5-D84A-4688-8204-67399A519970}.Debug|x86.ActiveCfg = Debug|Win32
		{B39B8BE5-D84A-4688-8204-67399A519970}.Debug|x86.Build.0 = Debug|Win32
		{B39B8BE5-D84A-4688-8204-67399A519970}.Release|x64.ActiveCfg = Release|x64
		{B39B8BE5-D84A-4688-8204-67399A519970}.Release|x64.Build.0 = Release|x64
		{B39B8BE5-D84A-4688-8204-67399A519970}.Release|x86.ActiveCfg = Release|Win32
		{B39B8BE5-D84A-4688-8204-67399A519970}.Release|x86.Build.0 = Release|Win32
		{901B53C5-7E80-43F3-9DDB-74F8AC637F1E}.Debug|x64.ActiveCfg = Debug|x64
		{901B53C5-7E80-43F3-9DDB-74F8AC637F1E}.Debug|x64.Build.0 = Debug|x64
		{901B53C5-7E80-43F3-9DDB-74F8AC637F1E}.Debug|x86.ActiveCfg = Debug|Win32
		{901B53C5-7E80-43F3-9DDB-74F8AC637F1E}.Debug|x86.Build.0 = Debug|Win32
		{901B53C5-7E80-43F3-9DDB-74F8AC637F1E}.Release|x64.ActiveCfg = Release|x64
		{901B53C5-7E80-43F3-9DDB-74F8AC637F1E}.Release|x64.Build.0 = Release|x64
		{901B53C5-7E80-43F3-9DDB-74F8AC637F1E}.Release|x86.ActiveCfg = Release|Win32
		{901B53C5-7E80-43F3-9DDB-74F8AC637F1E}.Release|x86.Build.0 = Release|Win32
		{7061EA2A-80CF-40E0-95C8-EC4E2AF7269E}.Debug|x64.ActiveCfg = Debug|x64
		{7061EA2A-80CF-40E0-95C8-EC4E2AF7269E}.Debug|x64.Build.0 = Debug|x64
		{7061EA2A-80CF-40E0-95C8-EC4E2AF7269E}.Debug|x86.ActiveCfg = Debug|Win32
		{7061EA2A-80CF-40E0-95C8-EC4E2AF7269E}.Debug|x86.Build.0 = Debug|Win32
		{7061EA2A-80CF-40E0-95C8-EC4E2AF7269E}.Release|x64.ActiveCfg = Release|x64
		{7061EA2A-80CF-40E0-95C8-EC4E2AF7269E}.Release|x64.Build.0 = Release|x64
		{7061EA2A-80CF-40E0-95C8-EC4E2AF7269E}.Release|x86.ActiveCfg = Release|Win32
		{7061EA2A-80CF-40E0-95C8-EC4E2AF7269E}.Release|x86.Build.0 = Release|Win32
	EndGlobalSection
	GlobalSection(SolutionProperties) = preSolution
		HideSolutionNode = FALSE
	EndGlobalSection
	GlobalSection(ExtensibilityGlobals) = postSolution
		SolutionGuid = {141004F2-26A6-431F-9467-9395C1C75A9B}
	EndGlobalSection
EndGlobal
